{
  "version": 4,
  "terraform_version": "1.10.2",
  "serial": 160,
  "lineage": "05bb2176-cc38-90f2-8eb1-6dd009defc12",
  "outputs": {},
  "resources": [
    {
      "mode": "managed",
      "type": "google_api_gateway_api",
      "name": "api_gateway",
      "provider": "provider[\"registry.terraform.io/hashicorp/google-beta\"]",
      "instances": [
        {
          "schema_version": 0,
          "attributes": {
            "api_id": "api-gateway",
            "create_time": "2024-12-19T10:06:03.841806757Z",
            "display_name": "api-gateway",
            "effective_labels": {},
            "id": "projects/pdf-assistant-445201/locations/global/apis/api-gateway",
            "labels": {},
            "managed_service": "api-gateway-2erb6kiw3lp17.apigateway.pdf-assistant-445201.cloud.goog",
            "name": "projects/pdf-assistant-445201/locations/global/apis/api-gateway",
            "project": "pdf-assistant-445201",
            "terraform_labels": {},
            "timeouts": null
          },
          "sensitive_attributes": [],
          "private": "eyJlMmJmYjczMC1lY2FhLTExZTYtOGY4OC0zNDM2M2JjN2M0YzAiOnsiY3JlYXRlIjoxMjAwMDAwMDAwMDAwLCJkZWxldGUiOjEyMDAwMDAwMDAwMDAsInVwZGF0ZSI6MTIwMDAwMDAwMDAwMH19",
          "create_before_destroy": true
        }
      ]
    },
    {
      "mode": "managed",
      "type": "google_api_gateway_api_config",
      "name": "api_gateway_config",
      "provider": "provider[\"registry.terraform.io/hashicorp/google-beta\"]",
      "instances": [
        {
          "schema_version": 0,
          "attributes": {
            "api": "api-gateway",
            "api_config_id": "terraform-20241220031521947000000001",
            "api_config_id_prefix": null,
            "display_name": "api-gateway-config",
            "effective_labels": {
              "goog-terraform-provisioned": "true"
            },
            "gateway_config": [
              {
                "backend_config": [
                  {
                    "google_service_account": "api-gateway-sa@pdf-assistant-445201.iam.gserviceaccount.com"
                  }
                ]
              }
            ],
            "grpc_services": [],
            "id": "projects/pdf-assistant-445201/locations/global/apis/api-gateway/configs/terraform-20241220031521947000000001",
            "labels": {},
            "managed_service_configs": [],
            "name": "projects/794862978184/locations/global/apis/api-gateway/configs/terraform-20241220031521947000000001",
            "openapi_documents": [
              {
                "document": [
                  {
                    "contents": "c3dhZ2dlcjogIjIuMCIKaW5mbzoKICB0aXRsZTogUERGIEFzc2lzdGFudCBBUEkKICB2ZXJzaW9uOiAiMS4wLjAiCmhvc3Q6ICJhcGktZ2F0ZXdheS1hNTVrdzc3cy5hbi5nYXRld2F5LmRldiIKc2NoZW1lczoKICAtICJodHRwcyIKcHJvZHVjZXM6CiAgLSAiYXBwbGljYXRpb24vanNvbiIKYmFzZVBhdGg6ICIvIgoKeC1nb29nbGUtYmFja2VuZDoKICBhZGRyZXNzOiBodHRwczovL3BkZi1hc3Npc3RhbnQtYXBpLTc5NDg2Mjk3ODE4NC5hc2lhLW5vcnRoZWFzdDEucnVuLmFwcAogIHBhdGhfdHJhbnNsYXRpb246IEFQUEVORF9QQVRIX1RPX0FERFJFU1MKCnNlY3VyaXR5RGVmaW5pdGlvbnM6CiAgYXV0aDBfandrOgogICAgYXV0aG9yaXphdGlvblVybDogIiIKICAgIGZsb3c6ICJpbXBsaWNpdCIKICAgIHR5cGU6ICJvYXV0aDIiCiAgICB4LWdvb2dsZS1pc3N1ZXI6ICJodHRwczovL2Rldi1pbTZzZDNnbXlqNzAzaDZuLnVzLmF1dGgwLmNvbS8iCiAgICB4LWdvb2dsZS1qd2tzX3VyaTogImh0dHBzOi8vZGV2LWltNnNkM2dteWo3MDNoNm4udXMuYXV0aDAuY29tLy53ZWxsLWtub3duL2p3a3MuanNvbiIKICAgIHgtZ29vZ2xlLWF1ZGllbmNlczogImh0dHBzOi8vYXBpLWdhdGV3YXktYTU1a3c3N3MuYW4uZ2F0ZXdheS5kZXYiCnNlY3VyaXR5OgogIC0gYXV0aDBfandrOiBbXQoKcGF0aHM6CiAgL2hlbGxvOgogICAgcG9zdDoKICAgICAgb3BlcmF0aW9uSWQ6IHBvc3RIZWxsbwogICAgICByZXNwb25zZXM6CiAgICAgICAgMjAwOgogICAgICAgICAgZGVzY3JpcHRpb246IFJlc3BvbnNlLi4uCiAgICAgICAgICBzY2hlbWE6CiAgICAgICAgICAgIHR5cGU6IG9iamVjdAogICAgICAgICAgICBwcm9wZXJ0aWVzOgogICAgICAgICAgICAgIG1lc3NhZ2U6CiAgICAgICAgICAgICAgICB0eXBlOiBzdHJpbmcKICAgICAgICAgICAgcmVxdWlyZWQ6CiAgICAgICAgICAgICAgLSBtZXNzYWdl",
                    "path": "api_gateway.yaml"
                  }
                ]
              }
            ],
            "project": "pdf-assistant-445201",
            "service_config_id": "terraform-20241220031521947000000001-0vq6crnjig0a6",
            "terraform_labels": {
              "goog-terraform-provisioned": "true"
            },
            "timeouts": null
          },
          "sensitive_attributes": [],
          "private": "eyJlMmJmYjczMC1lY2FhLTExZTYtOGY4OC0zNDM2M2JjN2M0YzAiOnsiY3JlYXRlIjoxMjAwMDAwMDAwMDAwLCJkZWxldGUiOjEyMDAwMDAwMDAwMDAsInVwZGF0ZSI6MTIwMDAwMDAwMDAwMH19",
          "dependencies": [
            "google_api_gateway_api.api_gateway",
            "google_service_account.api_gateway_sa"
          ],
          "create_before_destroy": true
        }
      ]
    },
    {
      "mode": "managed",
      "type": "google_api_gateway_gateway",
      "name": "api_gateway_gateway",
      "provider": "provider[\"registry.terraform.io/hashicorp/google-beta\"]",
      "instances": [
        {
          "schema_version": 0,
          "attributes": {
            "api_config": "projects/794862978184/locations/global/apis/api-gateway/configs/terraform-20241220031521947000000001",
            "default_hostname": "api-gateway-a55kw77s.an.gateway.dev",
            "display_name": "api-gateway",
            "effective_labels": {
              "goog-terraform-provisioned": "true"
            },
            "gateway_id": "api-gateway",
            "id": "projects/pdf-assistant-445201/locations/asia-northeast1/gateways/api-gateway",
            "labels": {},
            "name": "projects/pdf-assistant-445201/locations/asia-northeast1/gateways/api-gateway",
            "project": "pdf-assistant-445201",
            "region": "asia-northeast1",
            "terraform_labels": {
              "goog-terraform-provisioned": "true"
            },
            "timeouts": null
          },
          "sensitive_attributes": [],
          "private": "eyJlMmJmYjczMC1lY2FhLTExZTYtOGY4OC0zNDM2M2JjN2M0YzAiOnsiY3JlYXRlIjoxMjAwMDAwMDAwMDAwLCJkZWxldGUiOjEyMDAwMDAwMDAwMDAsInVwZGF0ZSI6MTIwMDAwMDAwMDAwMH19",
          "dependencies": [
            "google_api_gateway_api.api_gateway",
            "google_api_gateway_api_config.api_gateway_config",
            "google_service_account.api_gateway_sa"
          ]
        }
      ]
    },
    {
      "mode": "managed",
      "type": "google_cloud_run_service",
      "name": "api",
      "provider": "provider[\"registry.terraform.io/hashicorp/google\"]",
      "instances": [
        {
          "schema_version": 2,
          "attributes": {
            "autogenerate_revision_name": true,
            "id": "locations/asia-northeast1/namespaces/pdf-assistant-445201/services/pdf-assistant-api",
            "location": "asia-northeast1",
            "metadata": [
              {
                "annotations": {
                  "run.googleapis.com/ingress": "all"
                },
                "effective_annotations": {
                  "run.googleapis.com/client-name": "gcloud",
                  "run.googleapis.com/client-version": "504.0.0",
                  "run.googleapis.com/ingress": "all",
                  "run.googleapis.com/ingress-status": "all",
                  "run.googleapis.com/operation-id": "84ecc3df-3f6d-4ae4-aa6a-9404a79c985a",
                  "run.googleapis.com/urls": "[\"https://pdf-assistant-api-794862978184.asia-northeast1.run.app\",\"https://pdf-assistant-api-nwsobblc4a-an.a.run.app\"]",
                  "serving.knative.dev/creator": "aki030402@gmail.com",
                  "serving.knative.dev/lastModifier": "aki030402@gmail.com"
                },
                "effective_labels": {
                  "cloud.googleapis.com/location": "asia-northeast1",
                  "goog-terraform-provisioned": "true"
                },
                "generation": 17,
                "labels": {},
                "namespace": "pdf-assistant-445201",
                "resource_version": "AAYpsEoHpqs",
                "self_link": "/apis/serving.knative.dev/v1/namespaces/794862978184/services/pdf-assistant-api",
                "terraform_labels": {
                  "goog-terraform-provisioned": "true"
                },
                "uid": "478e199d-c026-4e85-8b9a-247308de5aa6"
              }
            ],
            "name": "pdf-assistant-api",
            "project": "pdf-assistant-445201",
            "status": [
              {
                "conditions": [
                  {
                    "message": "",
                    "reason": "",
                    "status": "True",
                    "type": "Ready"
                  },
                  {
                    "message": "",
                    "reason": "",
                    "status": "True",
                    "type": "ConfigurationsReady"
                  },
                  {
                    "message": "",
                    "reason": "",
                    "status": "True",
                    "type": "RoutesReady"
                  }
                ],
                "latest_created_revision_name": "pdf-assistant-api-00017-qxh",
                "latest_ready_revision_name": "pdf-assistant-api-00017-qxh",
                "observed_generation": 17,
                "traffic": [
                  {
                    "latest_revision": true,
                    "percent": 100,
                    "revision_name": "pdf-assistant-api-00017-qxh",
                    "tag": "",
                    "url": ""
                  }
                ],
                "url": "https://pdf-assistant-api-nwsobblc4a-an.a.run.app"
              }
            ],
            "template": [
              {
                "metadata": [
                  {
                    "annotations": {
                      "autoscaling.knative.dev/maxScale": "100",
                      "run.googleapis.com/client-name": "gcloud",
                      "run.googleapis.com/client-version": "504.0.0"
                    },
                    "generation": 0,
                    "labels": {
                      "client.knative.dev/nonce": "dagvnltgjd",
                      "run.googleapis.com/startupProbeType": "Default"
                    },
                    "name": "",
                    "namespace": "",
                    "resource_version": "",
                    "self_link": "",
                    "uid": ""
                  }
                ],
                "spec": [
                  {
                    "container_concurrency": 80,
                    "containers": [
                      {
                        "args": [
                          "-c",
                          "python api.py"
                        ],
                        "command": [
                          "sh"
                        ],
                        "env": [
                          {
                            "name": "PROJECT_ID",
                            "value": "pdf-assistant-445201",
                            "value_from": []
                          }
                        ],
                        "env_from": [],
                        "image": "gcr.io/pdf-assistant-445201/pdf-assistant-api:latest",
                        "liveness_probe": [],
                        "name": "main",
                        "ports": [
                          {
                            "container_port": 8080,
                            "name": "http1",
                            "protocol": ""
                          }
                        ],
                        "resources": [
                          {
                            "limits": {
                              "cpu": "1000m",
                              "memory": "512Mi"
                            },
                            "requests": {}
                          }
                        ],
                        "startup_probe": [
                          {
                            "failure_threshold": 1,
                            "grpc": [],
                            "http_get": [],
                            "initial_delay_seconds": 0,
                            "period_seconds": 240,
                            "tcp_socket": [
                              {
                                "port": 8080
                              }
                            ],
                            "timeout_seconds": 240
                          }
                        ],
                        "volume_mounts": [],
                        "working_dir": ""
                      }
                    ],
                    "service_account_name": "cloud-run-sa@pdf-assistant-445201.iam.gserviceaccount.com",
                    "serving_state": "",
                    "timeout_seconds": 300,
                    "volumes": []
                  }
                ]
              }
            ],
            "timeouts": null,
            "traffic": [
              {
                "latest_revision": true,
                "percent": 100,
                "revision_name": "",
                "tag": "",
                "url": ""
              }
            ]
          },
          "sensitive_attributes": [],
          "private": "eyJlMmJmYjczMC1lY2FhLTExZTYtOGY4OC0zNDM2M2JjN2M0YzAiOnsiY3JlYXRlIjoxMjAwMDAwMDAwMDAwLCJkZWxldGUiOjEyMDAwMDAwMDAwMDAsInVwZGF0ZSI6MTIwMDAwMDAwMDAwMH0sInNjaGVtYV92ZXJzaW9uIjoiMiJ9",
          "dependencies": [
            "google_service_account.cloud_run_sa"
          ]
        }
      ]
    },
    {
      "mode": "managed",
      "type": "google_cloud_run_service_iam_binding",
      "name": "restrict_unauthenticated_access",
      "provider": "provider[\"registry.terraform.io/hashicorp/google\"]",
      "instances": [
        {
          "schema_version": 0,
          "attributes": {
            "condition": [],
            "etag": "BwYprVdbqCg=",
            "id": "v1/projects/pdf-assistant-445201/locations/asia-northeast1/services/pdf-assistant-api/roles/run.invoker",
            "location": "asia-northeast1",
            "members": [
              "serviceAccount:api-gateway-sa@pdf-assistant-445201.iam.gserviceaccount.com"
            ],
            "project": "pdf-assistant-445201",
            "role": "roles/run.invoker",
            "service": "v1/projects/pdf-assistant-445201/locations/asia-northeast1/services/pdf-assistant-api"
          },
          "sensitive_attributes": [],
          "private": "bnVsbA==",
          "dependencies": [
            "google_cloud_run_service.api",
            "google_service_account.api_gateway_sa",
            "google_service_account.cloud_run_sa"
          ]
        }
      ]
    },
    {
      "mode": "managed",
      "type": "google_cloud_run_v2_job",
      "name": "batch",
      "provider": "provider[\"registry.terraform.io/hashicorp/google-beta\"]",
      "instances": [
        {
          "schema_version": 0,
          "attributes": {
            "annotations": {},
            "binary_authorization": [],
            "client": "",
            "client_version": "",
            "conditions": [],
            "create_time": "2024-12-20T04:04:06.275043Z",
            "creator": "",
            "delete_time": "",
            "deletion_protection": true,
            "effective_annotations": {},
            "effective_labels": {
              "goog-terraform-provisioned": "true"
            },
            "etag": "\"CKPzlLsGELj-5-gB/cHJvamVjdHMvcGRmLWFzc2lzdGFudC00NDUyMDEvbG9jYXRpb25zL2FzaWEtbm9ydGhlYXN0MS9qb2JzL3BkZi1hc3Npc3RhbnQtYmF0Y2g\"",
            "execution_count": 14,
            "expire_time": "",
            "generation": "5",
            "id": "projects/pdf-assistant-445201/locations/asia-northeast1/jobs/pdf-assistant-batch",
            "labels": {},
            "last_modifier": "",
            "latest_created_execution": [
              {
                "completion_time": "2024-12-20T09:25:02.580370Z",
                "create_time": "2024-12-20T09:24:51.355171Z",
                "name": "pdf-assistant-batch-tgr5s"
              }
            ],
            "launch_stage": "GA",
            "location": "asia-northeast1",
            "name": "pdf-assistant-batch",
            "observed_generation": "5",
            "project": "pdf-assistant-445201",
            "reconciling": false,
            "run_execution_token": "",
            "start_execution_token": "",
            "template": [
              {
                "annotations": {},
                "labels": {},
                "parallelism": 1,
                "task_count": 1,
                "template": [
                  {
                    "containers": [
                      {
                        "args": [
                          "-c",
                          "python batch.py"
                        ],
                        "command": [
                          "sh"
                        ],
                        "env": [
                          {
                            "name": "PROJECT_ID",
                            "value": "pdf-assistant-445201",
                            "value_source": []
                          }
                        ],
                        "image": "gcr.io/pdf-assistant-445201/pdf-assistant-api:latest",
                        "name": "main",
                        "ports": [],
                        "resources": [
                          {
                            "limits": {
                              "cpu": "1000m",
                              "memory": "512Mi"
                            }
                          }
                        ],
                        "volume_mounts": [],
                        "working_dir": ""
                      }
                    ],
                    "encryption_key": "",
                    "execution_environment": "EXECUTION_ENVIRONMENT_GEN2",
                    "max_retries": 3,
                    "service_account": "cloud-run-sa@pdf-assistant-445201.iam.gserviceaccount.com",
                    "timeout": "600s",
                    "volumes": [],
                    "vpc_access": []
                  }
                ]
              }
            ],
            "terminal_condition": [
              {
                "execution_reason": "",
                "last_transition_time": "2024-12-20T04:04:07.151567Z",
                "message": "",
                "reason": "",
                "revision_reason": "",
                "severity": "",
                "state": "CONDITION_SUCCEEDED",
                "type": "Ready"
              }
            ],
            "terraform_labels": {
              "goog-terraform-provisioned": "true"
            },
            "timeouts": null,
            "uid": "53e4fe7c-74e0-41d6-9f63-3c24b20c2842",
            "update_time": "2024-12-20T09:32:19.488243Z"
          },
          "sensitive_attributes": [],
          "private": "eyJlMmJmYjczMC1lY2FhLTExZTYtOGY4OC0zNDM2M2JjN2M0YzAiOnsiY3JlYXRlIjoxMjAwMDAwMDAwMDAwLCJkZWxldGUiOjEyMDAwMDAwMDAwMDAsInVwZGF0ZSI6MTIwMDAwMDAwMDAwMH19",
          "dependencies": [
            "google_service_account.cloud_run_sa"
          ]
        }
      ]
    },
    {
      "mode": "managed",
      "type": "google_cloud_run_v2_job_iam_binding",
      "name": "restrict_unauthenticated_access",
      "provider": "provider[\"registry.terraform.io/hashicorp/google\"]",
      "instances": [
        {
          "schema_version": 0,
          "attributes": {
            "condition": [],
            "etag": "BwYpsDcHWOw=",
            "id": "projects/pdf-assistant-445201/locations/asia-northeast1/jobs/pdf-assistant-batch/roles/run.invoker",
            "location": "asia-northeast1",
            "members": [
              "serviceAccount:cloud-scheduler-sa@pdf-assistant-445201.iam.gserviceaccount.com"
            ],
            "name": "projects/pdf-assistant-445201/locations/asia-northeast1/jobs/pdf-assistant-batch",
            "project": "pdf-assistant-445201",
            "role": "roles/run.invoker"
          },
          "sensitive_attributes": [],
          "private": "bnVsbA==",
          "dependencies": [
            "google_cloud_run_v2_job.batch",
            "google_service_account.cloud_run_sa",
            "google_service_account.cloud_scheduler_sa"
          ]
        }
      ]
    },
    {
      "mode": "managed",
      "type": "google_cloud_scheduler_job",
      "name": "clean_openai_assistant",
      "provider": "provider[\"registry.terraform.io/hashicorp/google\"]",
      "instances": [
        {
          "schema_version": 0,
          "attributes": {
            "app_engine_http_target": [],
            "attempt_deadline": "180s",
            "description": "",
            "http_target": [
              {
                "body": "eyJ0YXNrIjoiY2xlYW4tb3BlbmFpLWFzc2lzdGFudCJ9",
                "headers": {},
                "http_method": "POST",
                "oauth_token": [
                  {
                    "scope": "https://www.googleapis.com/auth/cloud-platform",
                    "service_account_email": "cloud-scheduler-sa@pdf-assistant-445201.iam.gserviceaccount.com"
                  }
                ],
                "oidc_token": [],
                "uri": "https://asia-northeast1-run.googleapis.com/apis/run.googleapis.com/v1/namespaces/pdf-assistant-445201/jobs/pdf-assistant-batch:run"
              }
            ],
            "id": "projects/pdf-assistant-445201/locations/asia-northeast1/jobs/clean-openai-assistant",
            "name": "clean-openai-assistant",
            "paused": false,
            "project": "pdf-assistant-445201",
            "pubsub_target": [],
            "region": "asia-northeast1",
            "retry_config": [],
            "schedule": "0 10 * * *",
            "state": "ENABLED",
            "time_zone": "Asia/Tokyo",
            "timeouts": null
          },
          "sensitive_attributes": [],
          "private": "eyJlMmJmYjczMC1lY2FhLTExZTYtOGY4OC0zNDM2M2JjN2M0YzAiOnsiY3JlYXRlIjoxMjAwMDAwMDAwMDAwLCJkZWxldGUiOjEyMDAwMDAwMDAwMDAsInVwZGF0ZSI6MTIwMDAwMDAwMDAwMH19",
          "dependencies": [
            "google_cloud_run_v2_job.batch",
            "google_service_account.cloud_run_sa",
            "google_service_account.cloud_scheduler_sa"
          ]
        }
      ]
    },
    {
      "mode": "managed",
      "type": "google_project_iam_member",
      "name": "api_gateway_run_invoker",
      "provider": "provider[\"registry.terraform.io/hashicorp/google\"]",
      "instances": [
        {
          "schema_version": 0,
          "attributes": {
            "condition": [],
            "etag": "BwYprVeViYY=",
            "id": "pdf-assistant-445201/roles/run.invoker/serviceAccount:api-gateway-sa@pdf-assistant-445201.iam.gserviceaccount.com",
            "member": "serviceAccount:api-gateway-sa@pdf-assistant-445201.iam.gserviceaccount.com",
            "project": "pdf-assistant-445201",
            "role": "roles/run.invoker"
          },
          "sensitive_attributes": [],
          "private": "bnVsbA==",
          "dependencies": [
            "google_service_account.api_gateway_sa"
          ]
        }
      ]
    },
    {
      "mode": "managed",
      "type": "google_project_iam_member",
      "name": "cloud_run_editor",
      "provider": "provider[\"registry.terraform.io/hashicorp/google\"]",
      "instances": [
        {
          "schema_version": 0,
          "attributes": {
            "condition": [],
            "etag": "BwYprVeViYY=",
            "id": "pdf-assistant-445201/roles/editor/serviceAccount:cloud-run-sa@pdf-assistant-445201.iam.gserviceaccount.com",
            "member": "serviceAccount:cloud-run-sa@pdf-assistant-445201.iam.gserviceaccount.com",
            "project": "pdf-assistant-445201",
            "role": "roles/editor"
          },
          "sensitive_attributes": [],
          "private": "bnVsbA==",
          "dependencies": [
            "google_service_account.cloud_run_sa"
          ]
        }
      ]
    },
    {
      "mode": "managed",
      "type": "google_project_iam_member",
      "name": "cloud_scheduler_run_invoker",
      "provider": "provider[\"registry.terraform.io/hashicorp/google\"]",
      "instances": [
        {
          "schema_version": 0,
          "attributes": {
            "condition": [],
            "etag": "BwYprVeViYY=",
            "id": "pdf-assistant-445201/roles/run.invoker/serviceAccount:cloud-scheduler-sa@pdf-assistant-445201.iam.gserviceaccount.com",
            "member": "serviceAccount:cloud-scheduler-sa@pdf-assistant-445201.iam.gserviceaccount.com",
            "project": "pdf-assistant-445201",
            "role": "roles/run.invoker"
          },
          "sensitive_attributes": [],
          "private": "bnVsbA==",
          "dependencies": [
            "google_service_account.cloud_scheduler_sa"
          ]
        }
      ]
    },
    {
      "mode": "managed",
      "type": "google_project_service",
      "name": "api_gateway",
      "provider": "provider[\"registry.terraform.io/hashicorp/google\"]",
      "instances": [
        {
          "schema_version": 0,
          "attributes": {
            "disable_dependent_services": null,
            "disable_on_destroy": true,
            "id": "pdf-assistant-445201/apigateway.googleapis.com",
            "project": "pdf-assistant-445201",
            "service": "apigateway.googleapis.com",
            "timeouts": null
          },
          "sensitive_attributes": [],
          "private": "eyJlMmJmYjczMC1lY2FhLTExZTYtOGY4OC0zNDM2M2JjN2M0YzAiOnsiY3JlYXRlIjoxMjAwMDAwMDAwMDAwLCJkZWxldGUiOjEyMDAwMDAwMDAwMDAsInJlYWQiOjYwMDAwMDAwMDAwMCwidXBkYXRlIjoxMjAwMDAwMDAwMDAwfX0="
        }
      ]
    },
    {
      "mode": "managed",
      "type": "google_project_service",
      "name": "certificate_manager",
      "provider": "provider[\"registry.terraform.io/hashicorp/google\"]",
      "instances": [
        {
          "schema_version": 0,
          "attributes": {
            "disable_dependent_services": null,
            "disable_on_destroy": true,
            "id": "pdf-assistant-445201/certificatemanager.googleapis.com",
            "project": "pdf-assistant-445201",
            "service": "certificatemanager.googleapis.com",
            "timeouts": null
          },
          "sensitive_attributes": [],
          "private": "eyJlMmJmYjczMC1lY2FhLTExZTYtOGY4OC0zNDM2M2JjN2M0YzAiOnsiY3JlYXRlIjoxMjAwMDAwMDAwMDAwLCJkZWxldGUiOjEyMDAwMDAwMDAwMDAsInJlYWQiOjYwMDAwMDAwMDAwMCwidXBkYXRlIjoxMjAwMDAwMDAwMDAwfX0="
        }
      ]
    },
    {
      "mode": "managed",
      "type": "google_project_service",
      "name": "cloud_dns",
      "provider": "provider[\"registry.terraform.io/hashicorp/google\"]",
      "instances": [
        {
          "schema_version": 0,
          "attributes": {
            "disable_dependent_services": null,
            "disable_on_destroy": true,
            "id": "pdf-assistant-445201/dns.googleapis.com",
            "project": "pdf-assistant-445201",
            "service": "dns.googleapis.com",
            "timeouts": null
          },
          "sensitive_attributes": [],
          "private": "eyJlMmJmYjczMC1lY2FhLTExZTYtOGY4OC0zNDM2M2JjN2M0YzAiOnsiY3JlYXRlIjoxMjAwMDAwMDAwMDAwLCJkZWxldGUiOjEyMDAwMDAwMDAwMDAsInJlYWQiOjYwMDAwMDAwMDAwMCwidXBkYXRlIjoxMjAwMDAwMDAwMDAwfX0="
        }
      ]
    },
    {
      "mode": "managed",
      "type": "google_project_service",
      "name": "cloud_run",
      "provider": "provider[\"registry.terraform.io/hashicorp/google\"]",
      "instances": [
        {
          "schema_version": 0,
          "attributes": {
            "disable_dependent_services": null,
            "disable_on_destroy": true,
            "id": "pdf-assistant-445201/run.googleapis.com",
            "project": "pdf-assistant-445201",
            "service": "run.googleapis.com",
            "timeouts": null
          },
          "sensitive_attributes": [],
          "private": "eyJlMmJmYjczMC1lY2FhLTExZTYtOGY4OC0zNDM2M2JjN2M0YzAiOnsiY3JlYXRlIjoxMjAwMDAwMDAwMDAwLCJkZWxldGUiOjEyMDAwMDAwMDAwMDAsInJlYWQiOjYwMDAwMDAwMDAwMCwidXBkYXRlIjoxMjAwMDAwMDAwMDAwfX0="
        }
      ]
    },
    {
      "mode": "managed",
      "type": "google_project_service",
      "name": "cloud_scheduler",
      "provider": "provider[\"registry.terraform.io/hashicorp/google\"]",
      "instances": [
        {
          "schema_version": 0,
          "attributes": {
            "disable_dependent_services": null,
            "disable_on_destroy": true,
            "id": "pdf-assistant-445201/cloudscheduler.googleapis.com",
            "project": "pdf-assistant-445201",
            "service": "cloudscheduler.googleapis.com",
            "timeouts": null
          },
          "sensitive_attributes": [],
          "private": "eyJlMmJmYjczMC1lY2FhLTExZTYtOGY4OC0zNDM2M2JjN2M0YzAiOnsiY3JlYXRlIjoxMjAwMDAwMDAwMDAwLCJkZWxldGUiOjEyMDAwMDAwMDAwMDAsInJlYWQiOjYwMDAwMDAwMDAwMCwidXBkYXRlIjoxMjAwMDAwMDAwMDAwfX0="
        }
      ]
    },
    {
      "mode": "managed",
      "type": "google_project_service",
      "name": "container_registry",
      "provider": "provider[\"registry.terraform.io/hashicorp/google\"]",
      "instances": [
        {
          "schema_version": 0,
          "attributes": {
            "disable_dependent_services": null,
            "disable_on_destroy": true,
            "id": "pdf-assistant-445201/containerregistry.googleapis.com",
            "project": "pdf-assistant-445201",
            "service": "containerregistry.googleapis.com",
            "timeouts": null
          },
          "sensitive_attributes": [],
          "private": "eyJlMmJmYjczMC1lY2FhLTExZTYtOGY4OC0zNDM2M2JjN2M0YzAiOnsiY3JlYXRlIjoxMjAwMDAwMDAwMDAwLCJkZWxldGUiOjEyMDAwMDAwMDAwMDAsInJlYWQiOjYwMDAwMDAwMDAwMCwidXBkYXRlIjoxMjAwMDAwMDAwMDAwfX0="
        }
      ]
    },
    {
      "mode": "managed",
      "type": "google_project_service",
      "name": "service_control",
      "provider": "provider[\"registry.terraform.io/hashicorp/google\"]",
      "instances": [
        {
          "schema_version": 0,
          "attributes": {
            "disable_dependent_services": null,
            "disable_on_destroy": true,
            "id": "pdf-assistant-445201/servicecontrol.googleapis.com",
            "project": "pdf-assistant-445201",
            "service": "servicecontrol.googleapis.com",
            "timeouts": null
          },
          "sensitive_attributes": [],
          "private": "eyJlMmJmYjczMC1lY2FhLTExZTYtOGY4OC0zNDM2M2JjN2M0YzAiOnsiY3JlYXRlIjoxMjAwMDAwMDAwMDAwLCJkZWxldGUiOjEyMDAwMDAwMDAwMDAsInJlYWQiOjYwMDAwMDAwMDAwMCwidXBkYXRlIjoxMjAwMDAwMDAwMDAwfX0="
        }
      ]
    },
    {
      "mode": "managed",
      "type": "google_project_service",
      "name": "service_management",
      "provider": "provider[\"registry.terraform.io/hashicorp/google\"]",
      "instances": [
        {
          "schema_version": 0,
          "attributes": {
            "disable_dependent_services": null,
            "disable_on_destroy": true,
            "id": "pdf-assistant-445201/servicemanagement.googleapis.com",
            "project": "pdf-assistant-445201",
            "service": "servicemanagement.googleapis.com",
            "timeouts": null
          },
          "sensitive_attributes": [],
          "private": "eyJlMmJmYjczMC1lY2FhLTExZTYtOGY4OC0zNDM2M2JjN2M0YzAiOnsiY3JlYXRlIjoxMjAwMDAwMDAwMDAwLCJkZWxldGUiOjEyMDAwMDAwMDAwMDAsInJlYWQiOjYwMDAwMDAwMDAwMCwidXBkYXRlIjoxMjAwMDAwMDAwMDAwfX0="
        }
      ]
    },
    {
      "mode": "managed",
      "type": "google_service_account",
      "name": "api_gateway_sa",
      "provider": "provider[\"registry.terraform.io/hashicorp/google\"]",
      "instances": [
        {
          "schema_version": 0,
          "attributes": {
            "account_id": "api-gateway-sa",
            "create_ignore_already_exists": null,
            "description": "",
            "disabled": false,
            "display_name": "Api Gateway Service Account",
            "email": "api-gateway-sa@pdf-assistant-445201.iam.gserviceaccount.com",
            "id": "projects/pdf-assistant-445201/serviceAccounts/api-gateway-sa@pdf-assistant-445201.iam.gserviceaccount.com",
            "member": "serviceAccount:api-gateway-sa@pdf-assistant-445201.iam.gserviceaccount.com",
            "name": "projects/pdf-assistant-445201/serviceAccounts/api-gateway-sa@pdf-assistant-445201.iam.gserviceaccount.com",
            "project": "pdf-assistant-445201",
            "timeouts": null,
            "unique_id": "104741749343599970802"
          },
          "sensitive_attributes": [],
          "private": "eyJlMmJmYjczMC1lY2FhLTExZTYtOGY4OC0zNDM2M2JjN2M0YzAiOnsiY3JlYXRlIjozMDAwMDAwMDAwMDB9fQ==",
          "create_before_destroy": true
        }
      ]
    },
    {
      "mode": "managed",
      "type": "google_service_account",
      "name": "cloud_run_sa",
      "provider": "provider[\"registry.terraform.io/hashicorp/google\"]",
      "instances": [
        {
          "schema_version": 0,
          "attributes": {
            "account_id": "cloud-run-sa",
            "create_ignore_already_exists": null,
            "description": "",
            "disabled": false,
            "display_name": "Cloud Run Service Account",
            "email": "cloud-run-sa@pdf-assistant-445201.iam.gserviceaccount.com",
            "id": "projects/pdf-assistant-445201/serviceAccounts/cloud-run-sa@pdf-assistant-445201.iam.gserviceaccount.com",
            "member": "serviceAccount:cloud-run-sa@pdf-assistant-445201.iam.gserviceaccount.com",
            "name": "projects/pdf-assistant-445201/serviceAccounts/cloud-run-sa@pdf-assistant-445201.iam.gserviceaccount.com",
            "project": "pdf-assistant-445201",
            "timeouts": null,
            "unique_id": "110480081786482936618"
          },
          "sensitive_attributes": [],
          "private": "eyJlMmJmYjczMC1lY2FhLTExZTYtOGY4OC0zNDM2M2JjN2M0YzAiOnsiY3JlYXRlIjozMDAwMDAwMDAwMDB9fQ=="
        }
      ]
    },
    {
      "mode": "managed",
      "type": "google_service_account",
      "name": "cloud_scheduler_sa",
      "provider": "provider[\"registry.terraform.io/hashicorp/google\"]",
      "instances": [
        {
          "schema_version": 0,
          "attributes": {
            "account_id": "cloud-scheduler-sa",
            "create_ignore_already_exists": null,
            "description": "",
            "disabled": false,
            "display_name": "Cloud Scheduler Service Account",
            "email": "cloud-scheduler-sa@pdf-assistant-445201.iam.gserviceaccount.com",
            "id": "projects/pdf-assistant-445201/serviceAccounts/cloud-scheduler-sa@pdf-assistant-445201.iam.gserviceaccount.com",
            "member": "serviceAccount:cloud-scheduler-sa@pdf-assistant-445201.iam.gserviceaccount.com",
            "name": "projects/pdf-assistant-445201/serviceAccounts/cloud-scheduler-sa@pdf-assistant-445201.iam.gserviceaccount.com",
            "project": "pdf-assistant-445201",
            "timeouts": null,
            "unique_id": "115432552956666920169"
          },
          "sensitive_attributes": [],
          "private": "eyJlMmJmYjczMC1lY2FhLTExZTYtOGY4OC0zNDM2M2JjN2M0YzAiOnsiY3JlYXRlIjozMDAwMDAwMDAwMDB9fQ=="
        }
      ]
    }
  ],
  "check_results": null
}
