{
  "version": 4,
  "terraform_version": "1.10.3",
  "serial": 232,
  "lineage": "05bb2176-cc38-90f2-8eb1-6dd009defc12",
  "outputs": {},
  "resources": [
    {
      "mode": "managed",
      "type": "google_api_gateway_api",
      "name": "api_gateway",
      "provider": "provider[\"registry.terraform.io/hashicorp/google-beta\"]",
      "instances": [
        {
          "schema_version": 0,
          "attributes": {
            "api_id": "api-gateway",
            "create_time": "2024-12-19T10:06:03.841806757Z",
            "display_name": "api-gateway",
            "effective_labels": {},
            "id": "projects/pdf-assistant-445201/locations/global/apis/api-gateway",
            "labels": {},
            "managed_service": "api-gateway-2erb6kiw3lp17.apigateway.pdf-assistant-445201.cloud.goog",
            "name": "projects/pdf-assistant-445201/locations/global/apis/api-gateway",
            "project": "pdf-assistant-445201",
            "terraform_labels": {},
            "timeouts": null
          },
          "sensitive_attributes": [],
          "private": "eyJlMmJmYjczMC1lY2FhLTExZTYtOGY4OC0zNDM2M2JjN2M0YzAiOnsiY3JlYXRlIjoxMjAwMDAwMDAwMDAwLCJkZWxldGUiOjEyMDAwMDAwMDAwMDAsInVwZGF0ZSI6MTIwMDAwMDAwMDAwMH19",
          "create_before_destroy": true
        }
      ]
    },
    {
      "mode": "managed",
      "type": "google_api_gateway_api_config",
      "name": "api_gateway_config",
      "provider": "provider[\"registry.terraform.io/hashicorp/google-beta\"]",
      "instances": [
        {
          "schema_version": 0,
          "attributes": {
            "api": "api-gateway",
            "api_config_id": "terraform-20241221112658284000000001",
            "api_config_id_prefix": null,
            "display_name": "api-gateway-config",
            "effective_labels": {
              "goog-terraform-provisioned": "true"
            },
            "gateway_config": [
              {
                "backend_config": [
                  {
                    "google_service_account": "api-gateway-sa@pdf-assistant-445201.iam.gserviceaccount.com"
                  }
                ]
              }
            ],
            "grpc_services": [],
            "id": "projects/pdf-assistant-445201/locations/global/apis/api-gateway/configs/terraform-20241221112658284000000001",
            "labels": {},
            "managed_service_configs": [],
            "name": "projects/794862978184/locations/global/apis/api-gateway/configs/terraform-20241221112658284000000001",
            "openapi_documents": [
              {
                "document": [
                  {
                    "contents": "c3dhZ2dlcjogIjIuMCIKaW5mbzoKICB0aXRsZTogUERGIEFzc2lzdGFudCBBUEkKICB2ZXJzaW9uOiAiMS4wLjAiCmhvc3Q6ICJhcGktZ2F0ZXdheS1hNTVrdzc3cy5hbi5nYXRld2F5LmRldiIKc2NoZW1lczoKICAtICJodHRwcyIKcHJvZHVjZXM6CiAgLSAiYXBwbGljYXRpb24vanNvbiIKYmFzZVBhdGg6ICIvIgoKeC1nb29nbGUtYmFja2VuZDoKICBhZGRyZXNzOiBodHRwczovL2FwaS03OTQ4NjI5NzgxODQuYXNpYS1ub3J0aGVhc3QxLnJ1bi5hcHAKICBwYXRoX3RyYW5zbGF0aW9uOiBBUFBFTkRfUEFUSF9UT19BRERSRVNTCgpzZWN1cml0eURlZmluaXRpb25zOgogIGF1dGgwX2p3azoKICAgIGF1dGhvcml6YXRpb25Vcmw6ICIiCiAgICBmbG93OiAiaW1wbGljaXQiCiAgICB0eXBlOiAib2F1dGgyIgogICAgeC1nb29nbGUtaXNzdWVyOiAiaHR0cHM6Ly9kZXYtaW02c2QzZ215ajcwM2g2bi51cy5hdXRoMC5jb20vIgogICAgeC1nb29nbGUtandrc191cmk6ICJodHRwczovL2Rldi1pbTZzZDNnbXlqNzAzaDZuLnVzLmF1dGgwLmNvbS8ud2VsbC1rbm93bi9qd2tzLmpzb24iCiAgICB4LWdvb2dsZS1hdWRpZW5jZXM6ICJodHRwczovL2FwaS1nYXRld2F5LWE1NWt3NzdzLmFuLmdhdGV3YXkuZGV2IgpzZWN1cml0eToKICAtIGF1dGgwX2p3azogW10KCnBhdGhzOgogIC91c2VyczoKICAgIHBvc3Q6CiAgICAgIG9wZXJhdGlvbklkOiBjcmVhdGVVc2VyCiAgICAgIHJlc3BvbnNlczoKICAgICAgICAyMDA6CiAgICAgICAgICBkZXNjcmlwdGlvbjogcmV0dXJuIGNyZWF0ZWQgdXNlciBvciBleGlzdCB1c2VyCiAgICAgICAgICBzY2hlbWE6CiAgICAgICAgICAgIHR5cGU6IG9iamVjdAogICAgICAgICAgICBwcm9wZXJ0aWVzOgogICAgICAgICAgICAgIGlkOgogICAgICAgICAgICAgICAgdHlwZTogc3RyaW5nCiAgICAgICAgICAgICAgbmFtZToKICAgICAgICAgICAgICAgIHR5cGU6IHN0cmluZwogICAgICAgICAgICAgIGNyZWF0ZWRfYXQ6CiAgICAgICAgICAgICAgICB0eXBlOiBzdHJpbmcKICAgICAgICAgICAgcmVxdWlyZWQ6CiAgICAgICAgICAgICAgLSBpZAogICAgICAgICAgICAgIC0gbmFtZQogICAgICAgICAgICAgIC0gY3JlYXRlZF9hdA==",
                    "path": "api_gateway.yaml"
                  }
                ]
              }
            ],
            "project": "pdf-assistant-445201",
            "service_config_id": "terraform-20241221112658284000000001-10o3o6os4tuwa",
            "terraform_labels": {
              "goog-terraform-provisioned": "true"
            },
            "timeouts": null
          },
          "sensitive_attributes": [],
          "private": "eyJlMmJmYjczMC1lY2FhLTExZTYtOGY4OC0zNDM2M2JjN2M0YzAiOnsiY3JlYXRlIjoxMjAwMDAwMDAwMDAwLCJkZWxldGUiOjEyMDAwMDAwMDAwMDAsInVwZGF0ZSI6MTIwMDAwMDAwMDAwMH19",
          "dependencies": [
            "google_api_gateway_api.api_gateway",
            "google_service_account.api_gateway_sa"
          ],
          "create_before_destroy": true
        }
      ]
    },
    {
      "mode": "managed",
      "type": "google_api_gateway_gateway",
      "name": "api_gateway_gateway",
      "provider": "provider[\"registry.terraform.io/hashicorp/google-beta\"]",
      "instances": [
        {
          "schema_version": 0,
          "attributes": {
            "api_config": "projects/794862978184/locations/global/apis/api-gateway/configs/terraform-20241221112658284000000001",
            "default_hostname": "api-gateway-a55kw77s.an.gateway.dev",
            "display_name": "api-gateway",
            "effective_labels": {
              "goog-terraform-provisioned": "true"
            },
            "gateway_id": "api-gateway",
            "id": "projects/pdf-assistant-445201/locations/asia-northeast1/gateways/api-gateway",
            "labels": {},
            "name": "projects/pdf-assistant-445201/locations/asia-northeast1/gateways/api-gateway",
            "project": "pdf-assistant-445201",
            "region": "asia-northeast1",
            "terraform_labels": {
              "goog-terraform-provisioned": "true"
            },
            "timeouts": null
          },
          "sensitive_attributes": [],
          "private": "eyJlMmJmYjczMC1lY2FhLTExZTYtOGY4OC0zNDM2M2JjN2M0YzAiOnsiY3JlYXRlIjoxMjAwMDAwMDAwMDAwLCJkZWxldGUiOjEyMDAwMDAwMDAwMDAsInVwZGF0ZSI6MTIwMDAwMDAwMDAwMH19",
          "dependencies": [
            "google_api_gateway_api.api_gateway",
            "google_api_gateway_api_config.api_gateway_config",
            "google_service_account.api_gateway_sa"
          ]
        }
      ]
    },
    {
      "mode": "managed",
      "type": "google_cloud_run_service",
      "name": "api",
      "provider": "provider[\"registry.terraform.io/hashicorp/google\"]",
      "instances": [
        {
          "schema_version": 2,
          "attributes": {
            "autogenerate_revision_name": true,
            "id": "locations/asia-northeast1/namespaces/pdf-assistant-445201/services/api",
            "location": "asia-northeast1",
            "metadata": [
              {
                "annotations": {
                  "run.googleapis.com/ingress": "all"
                },
                "effective_annotations": {
                  "run.googleapis.com/client-name": "gcloud",
                  "run.googleapis.com/client-version": "504.0.1",
                  "run.googleapis.com/ingress": "all",
                  "run.googleapis.com/ingress-status": "all",
                  "run.googleapis.com/operation-id": "4944cb46-ffbd-4715-9027-2213e31e8e34",
                  "run.googleapis.com/urls": "[\"https://api-794862978184.asia-northeast1.run.app\",\"https://api-nwsobblc4a-an.a.run.app\"]",
                  "serving.knative.dev/creator": "aki030402@gmail.com",
                  "serving.knative.dev/lastModifier": "aki030402@gmail.com"
                },
                "effective_labels": {
                  "cloud.googleapis.com/location": "asia-northeast1",
                  "goog-terraform-provisioned": "true"
                },
                "generation": 8,
                "labels": {},
                "namespace": "pdf-assistant-445201",
                "resource_version": "AAYpx0ql6PI",
                "self_link": "/apis/serving.knative.dev/v1/namespaces/794862978184/services/api",
                "terraform_labels": {
                  "goog-terraform-provisioned": "true"
                },
                "uid": "0b0760c8-89fe-4362-b7af-ee1dacb41828"
              }
            ],
            "name": "api",
            "project": "pdf-assistant-445201",
            "status": [
              {
                "conditions": [
                  {
                    "message": "",
                    "reason": "",
                    "status": "True",
                    "type": "Ready"
                  },
                  {
                    "message": "",
                    "reason": "",
                    "status": "True",
                    "type": "ConfigurationsReady"
                  },
                  {
                    "message": "",
                    "reason": "",
                    "status": "True",
                    "type": "RoutesReady"
                  }
                ],
                "latest_created_revision_name": "api-00008-ksh",
                "latest_ready_revision_name": "api-00008-ksh",
                "observed_generation": 8,
                "traffic": [
                  {
                    "latest_revision": true,
                    "percent": 100,
                    "revision_name": "api-00008-ksh",
                    "tag": "",
                    "url": ""
                  }
                ],
                "url": "https://api-nwsobblc4a-an.a.run.app"
              }
            ],
            "template": [
              {
                "metadata": [
                  {
                    "annotations": {
                      "autoscaling.knative.dev/maxScale": "100",
                      "run.googleapis.com/client-name": "gcloud",
                      "run.googleapis.com/client-version": "504.0.1",
                      "run.googleapis.com/cloudsql-instances": "pdf-assistant-445201:asia-northeast1:app"
                    },
                    "generation": 0,
                    "labels": {
                      "client.knative.dev/nonce": "cbtdxmmind",
                      "run.googleapis.com/startupProbeType": "Default"
                    },
                    "name": "",
                    "namespace": "",
                    "resource_version": "",
                    "self_link": "",
                    "uid": ""
                  }
                ],
                "spec": [
                  {
                    "container_concurrency": 80,
                    "containers": [
                      {
                        "args": [
                          "-c",
                          "python -m entrypoint.api"
                        ],
                        "command": [
                          "sh"
                        ],
                        "env": [
                          {
                            "name": "PROJECT_ID",
                            "value": "pdf-assistant-445201",
                            "value_from": []
                          }
                        ],
                        "env_from": [],
                        "image": "gcr.io/pdf-assistant-445201/pdf-assistant:latest",
                        "liveness_probe": [],
                        "name": "",
                        "ports": [
                          {
                            "container_port": 8080,
                            "name": "http1",
                            "protocol": ""
                          }
                        ],
                        "resources": [
                          {
                            "limits": {
                              "cpu": "1000m",
                              "memory": "512Mi"
                            },
                            "requests": {}
                          }
                        ],
                        "startup_probe": [
                          {
                            "failure_threshold": 1,
                            "grpc": [],
                            "http_get": [],
                            "initial_delay_seconds": 0,
                            "period_seconds": 240,
                            "tcp_socket": [
                              {
                                "port": 8080
                              }
                            ],
                            "timeout_seconds": 240
                          }
                        ],
                        "volume_mounts": [],
                        "working_dir": ""
                      }
                    ],
                    "service_account_name": "cloud-run-sa@pdf-assistant-445201.iam.gserviceaccount.com",
                    "serving_state": "",
                    "timeout_seconds": 300,
                    "volumes": []
                  }
                ]
              }
            ],
            "timeouts": null,
            "traffic": [
              {
                "latest_revision": true,
                "percent": 100,
                "revision_name": "",
                "tag": "",
                "url": ""
              }
            ]
          },
          "sensitive_attributes": [],
          "private": "eyJlMmJmYjczMC1lY2FhLTExZTYtOGY4OC0zNDM2M2JjN2M0YzAiOnsiY3JlYXRlIjoxMjAwMDAwMDAwMDAwLCJkZWxldGUiOjEyMDAwMDAwMDAwMDAsInVwZGF0ZSI6MTIwMDAwMDAwMDAwMH0sInNjaGVtYV92ZXJzaW9uIjoiMiJ9",
          "dependencies": [
            "google_service_account.cloud_run_sa",
            "google_sql_database_instance.cloudsql_instance"
          ]
        }
      ]
    },
    {
      "mode": "managed",
      "type": "google_cloud_run_service_iam_binding",
      "name": "restrict_unauthenticated_access",
      "provider": "provider[\"registry.terraform.io/hashicorp/google\"]",
      "instances": [
        {
          "schema_version": 0,
          "attributes": {
            "condition": [],
            "etag": "BwYpx0mkAKw=",
            "id": "v1/projects/pdf-assistant-445201/locations/asia-northeast1/services/api/roles/run.invoker",
            "location": "asia-northeast1",
            "members": [
              "serviceAccount:api-gateway-sa@pdf-assistant-445201.iam.gserviceaccount.com"
            ],
            "project": "pdf-assistant-445201",
            "role": "roles/run.invoker",
            "service": "v1/projects/pdf-assistant-445201/locations/asia-northeast1/services/api"
          },
          "sensitive_attributes": [],
          "private": "bnVsbA==",
          "dependencies": [
            "google_cloud_run_service.api",
            "google_service_account.api_gateway_sa",
            "google_service_account.cloud_run_sa",
            "google_sql_database_instance.cloudsql_instance"
          ]
        }
      ]
    },
    {
      "mode": "managed",
      "type": "google_cloud_run_v2_job",
      "name": "clean_openai_assistant",
      "provider": "provider[\"registry.terraform.io/hashicorp/google-beta\"]",
      "instances": [
        {
          "schema_version": 0,
          "attributes": {
            "annotations": {},
            "binary_authorization": [],
            "client": "",
            "client_version": "",
            "conditions": [],
            "create_time": "2024-12-20T12:05:08.158257Z",
            "creator": "",
            "delete_time": "",
            "deletion_protection": true,
            "effective_annotations": {},
            "effective_labels": {
              "goog-terraform-provisioned": "true"
            },
            "etag": "\"CJ76mrsGEODpvuEC/cHJvamVjdHMvcGRmLWFzc2lzdGFudC00NDUyMDEvbG9jYXRpb25zL2FzaWEtbm9ydGhlYXN0MS9qb2JzL2NsZWFuLW9wZW5haS1hc3Npc3RhbnQ\"",
            "execution_count": 4,
            "expire_time": "",
            "generation": "11",
            "id": "projects/pdf-assistant-445201/locations/asia-northeast1/jobs/clean-openai-assistant",
            "labels": {},
            "last_modifier": "",
            "latest_created_execution": [
              {
                "completion_time": "2024-12-21T01:00:11.429848Z",
                "create_time": "2024-12-21T01:00:01.431566Z",
                "name": "clean-openai-assistant-bbd9j"
              }
            ],
            "launch_stage": "GA",
            "location": "asia-northeast1",
            "name": "clean-openai-assistant",
            "observed_generation": "11",
            "project": "pdf-assistant-445201",
            "reconciling": false,
            "run_execution_token": "",
            "start_execution_token": "",
            "template": [
              {
                "annotations": {},
                "labels": {},
                "parallelism": 1,
                "task_count": 1,
                "template": [
                  {
                    "containers": [
                      {
                        "args": [
                          "-c",
                          "python -m entrypoint.clean_openai_assistant"
                        ],
                        "command": [
                          "sh"
                        ],
                        "env": [
                          {
                            "name": "PROJECT_ID",
                            "value": "pdf-assistant-445201",
                            "value_source": []
                          }
                        ],
                        "image": "gcr.io/pdf-assistant-445201/pdf-assistant:latest",
                        "name": "",
                        "ports": [],
                        "resources": [
                          {
                            "limits": {
                              "cpu": "1000m",
                              "memory": "512Mi"
                            }
                          }
                        ],
                        "volume_mounts": [
                          {
                            "mount_path": "/cloudsql",
                            "name": "cloudsql"
                          }
                        ],
                        "working_dir": ""
                      }
                    ],
                    "encryption_key": "",
                    "execution_environment": "EXECUTION_ENVIRONMENT_GEN2",
                    "max_retries": 3,
                    "service_account": "cloud-run-sa@pdf-assistant-445201.iam.gserviceaccount.com",
                    "timeout": "600s",
                    "volumes": [
                      {
                        "cloud_sql_instance": [
                          {
                            "instances": [
                              "pdf-assistant-445201:asia-northeast1:app"
                            ]
                          }
                        ],
                        "empty_dir": [],
                        "gcs": [],
                        "name": "cloudsql",
                        "nfs": [],
                        "secret": []
                      }
                    ],
                    "vpc_access": []
                  }
                ]
              }
            ],
            "terminal_condition": [
              {
                "execution_reason": "",
                "last_transition_time": "2024-12-20T12:05:08.958171Z",
                "message": "",
                "reason": "",
                "revision_reason": "",
                "severity": "",
                "state": "CONDITION_SUCCEEDED",
                "type": "Ready"
              }
            ],
            "terraform_labels": {
              "goog-terraform-provisioned": "true"
            },
            "timeouts": null,
            "uid": "6e6455d1-d4d1-4bac-abf7-a072f69ffc2b",
            "update_time": "2024-12-21T13:05:34.741324Z"
          },
          "sensitive_attributes": [],
          "private": "eyJlMmJmYjczMC1lY2FhLTExZTYtOGY4OC0zNDM2M2JjN2M0YzAiOnsiY3JlYXRlIjoxMjAwMDAwMDAwMDAwLCJkZWxldGUiOjEyMDAwMDAwMDAwMDAsInVwZGF0ZSI6MTIwMDAwMDAwMDAwMH19",
          "dependencies": [
            "google_service_account.cloud_run_sa",
            "google_sql_database_instance.cloudsql_instance"
          ]
        }
      ]
    },
    {
      "mode": "managed",
      "type": "google_cloud_run_v2_job_iam_binding",
      "name": "restrict_unauthenticated_access",
      "provider": "provider[\"registry.terraform.io/hashicorp/google\"]",
      "instances": [
        {
          "schema_version": 0,
          "attributes": {
            "condition": [],
            "etag": "BwYpsnXqKRE=",
            "id": "projects/pdf-assistant-445201/locations/asia-northeast1/jobs/clean-openai-assistant/roles/run.invoker",
            "location": "asia-northeast1",
            "members": [
              "serviceAccount:cloud-scheduler-sa@pdf-assistant-445201.iam.gserviceaccount.com"
            ],
            "name": "projects/pdf-assistant-445201/locations/asia-northeast1/jobs/clean-openai-assistant",
            "project": "pdf-assistant-445201",
            "role": "roles/run.invoker"
          },
          "sensitive_attributes": [],
          "private": "bnVsbA==",
          "dependencies": [
            "google_cloud_run_v2_job.clean_openai_assistant",
            "google_service_account.cloud_run_sa",
            "google_service_account.cloud_scheduler_sa",
            "google_sql_database_instance.cloudsql_instance"
          ]
        }
      ]
    },
    {
      "mode": "managed",
      "type": "google_cloud_scheduler_job",
      "name": "clean_openai_assistant",
      "provider": "provider[\"registry.terraform.io/hashicorp/google\"]",
      "instances": [
        {
          "schema_version": 0,
          "attributes": {
            "app_engine_http_target": [],
            "attempt_deadline": "180s",
            "description": "",
            "http_target": [
              {
                "body": "",
                "headers": {},
                "http_method": "POST",
                "oauth_token": [
                  {
                    "scope": "https://www.googleapis.com/auth/cloud-platform",
                    "service_account_email": "cloud-scheduler-sa@pdf-assistant-445201.iam.gserviceaccount.com"
                  }
                ],
                "oidc_token": [],
                "uri": "https://asia-northeast1-run.googleapis.com/apis/run.googleapis.com/v1/namespaces/pdf-assistant-445201/jobs/clean-openai-assistant:run"
              }
            ],
            "id": "projects/pdf-assistant-445201/locations/asia-northeast1/jobs/clean-openai-assistant",
            "name": "clean-openai-assistant",
            "paused": false,
            "project": "pdf-assistant-445201",
            "pubsub_target": [],
            "region": "asia-northeast1",
            "retry_config": [],
            "schedule": "0 10 * * *",
            "state": "ENABLED",
            "time_zone": "Asia/Tokyo",
            "timeouts": null
          },
          "sensitive_attributes": [],
          "private": "eyJlMmJmYjczMC1lY2FhLTExZTYtOGY4OC0zNDM2M2JjN2M0YzAiOnsiY3JlYXRlIjoxMjAwMDAwMDAwMDAwLCJkZWxldGUiOjEyMDAwMDAwMDAwMDAsInVwZGF0ZSI6MTIwMDAwMDAwMDAwMH19",
          "dependencies": [
            "google_cloud_run_v2_job.clean_openai_assistant",
            "google_service_account.cloud_run_sa",
            "google_service_account.cloud_scheduler_sa",
            "google_sql_database_instance.cloudsql_instance"
          ]
        }
      ]
    },
    {
      "mode": "managed",
      "type": "google_project_iam_member",
      "name": "api_gateway_run_invoker",
      "provider": "provider[\"registry.terraform.io/hashicorp/google\"]",
      "instances": [
        {
          "schema_version": 0,
          "attributes": {
            "condition": [],
            "etag": "BwYpxgrgV0o=",
            "id": "pdf-assistant-445201/roles/run.invoker/serviceAccount:api-gateway-sa@pdf-assistant-445201.iam.gserviceaccount.com",
            "member": "serviceAccount:api-gateway-sa@pdf-assistant-445201.iam.gserviceaccount.com",
            "project": "pdf-assistant-445201",
            "role": "roles/run.invoker"
          },
          "sensitive_attributes": [],
          "private": "bnVsbA==",
          "dependencies": [
            "google_service_account.api_gateway_sa"
          ]
        }
      ]
    },
    {
      "mode": "managed",
      "type": "google_project_iam_member",
      "name": "cloud_run_editor",
      "provider": "provider[\"registry.terraform.io/hashicorp/google\"]",
      "instances": [
        {
          "schema_version": 0,
          "attributes": {
            "condition": [],
            "etag": "BwYpxgrgV0o=",
            "id": "pdf-assistant-445201/roles/editor/serviceAccount:cloud-run-sa@pdf-assistant-445201.iam.gserviceaccount.com",
            "member": "serviceAccount:cloud-run-sa@pdf-assistant-445201.iam.gserviceaccount.com",
            "project": "pdf-assistant-445201",
            "role": "roles/editor"
          },
          "sensitive_attributes": [],
          "private": "bnVsbA==",
          "dependencies": [
            "google_service_account.cloud_run_sa"
          ]
        }
      ]
    },
    {
      "mode": "managed",
      "type": "google_project_iam_member",
      "name": "cloud_run_secret_access",
      "provider": "provider[\"registry.terraform.io/hashicorp/google\"]",
      "instances": [
        {
          "schema_version": 0,
          "attributes": {
            "condition": [],
            "etag": "BwYpxgrgV0o=",
            "id": "pdf-assistant-445201/roles/secretmanager.secretAccessor/serviceAccount:cloud-run-sa@pdf-assistant-445201.iam.gserviceaccount.com",
            "member": "serviceAccount:cloud-run-sa@pdf-assistant-445201.iam.gserviceaccount.com",
            "project": "pdf-assistant-445201",
            "role": "roles/secretmanager.secretAccessor"
          },
          "sensitive_attributes": [],
          "private": "bnVsbA==",
          "dependencies": [
            "google_service_account.cloud_run_sa"
          ]
        }
      ]
    },
    {
      "mode": "managed",
      "type": "google_project_iam_member",
      "name": "cloud_scheduler_run_invoker",
      "provider": "provider[\"registry.terraform.io/hashicorp/google\"]",
      "instances": [
        {
          "schema_version": 0,
          "attributes": {
            "condition": [],
            "etag": "BwYpxgrgV0o=",
            "id": "pdf-assistant-445201/roles/run.invoker/serviceAccount:cloud-scheduler-sa@pdf-assistant-445201.iam.gserviceaccount.com",
            "member": "serviceAccount:cloud-scheduler-sa@pdf-assistant-445201.iam.gserviceaccount.com",
            "project": "pdf-assistant-445201",
            "role": "roles/run.invoker"
          },
          "sensitive_attributes": [],
          "private": "bnVsbA==",
          "dependencies": [
            "google_service_account.cloud_scheduler_sa"
          ]
        }
      ]
    },
    {
      "mode": "managed",
      "type": "google_project_service",
      "name": "api_gateway",
      "provider": "provider[\"registry.terraform.io/hashicorp/google\"]",
      "instances": [
        {
          "schema_version": 0,
          "attributes": {
            "disable_dependent_services": null,
            "disable_on_destroy": true,
            "id": "pdf-assistant-445201/apigateway.googleapis.com",
            "project": "pdf-assistant-445201",
            "service": "apigateway.googleapis.com",
            "timeouts": null
          },
          "sensitive_attributes": [],
          "private": "eyJlMmJmYjczMC1lY2FhLTExZTYtOGY4OC0zNDM2M2JjN2M0YzAiOnsiY3JlYXRlIjoxMjAwMDAwMDAwMDAwLCJkZWxldGUiOjEyMDAwMDAwMDAwMDAsInJlYWQiOjYwMDAwMDAwMDAwMCwidXBkYXRlIjoxMjAwMDAwMDAwMDAwfX0="
        }
      ]
    },
    {
      "mode": "managed",
      "type": "google_project_service",
      "name": "certificate_manager",
      "provider": "provider[\"registry.terraform.io/hashicorp/google\"]",
      "instances": [
        {
          "schema_version": 0,
          "attributes": {
            "disable_dependent_services": null,
            "disable_on_destroy": true,
            "id": "pdf-assistant-445201/certificatemanager.googleapis.com",
            "project": "pdf-assistant-445201",
            "service": "certificatemanager.googleapis.com",
            "timeouts": null
          },
          "sensitive_attributes": [],
          "private": "eyJlMmJmYjczMC1lY2FhLTExZTYtOGY4OC0zNDM2M2JjN2M0YzAiOnsiY3JlYXRlIjoxMjAwMDAwMDAwMDAwLCJkZWxldGUiOjEyMDAwMDAwMDAwMDAsInJlYWQiOjYwMDAwMDAwMDAwMCwidXBkYXRlIjoxMjAwMDAwMDAwMDAwfX0="
        }
      ]
    },
    {
      "mode": "managed",
      "type": "google_project_service",
      "name": "cloud_dns",
      "provider": "provider[\"registry.terraform.io/hashicorp/google\"]",
      "instances": [
        {
          "schema_version": 0,
          "attributes": {
            "disable_dependent_services": null,
            "disable_on_destroy": true,
            "id": "pdf-assistant-445201/dns.googleapis.com",
            "project": "pdf-assistant-445201",
            "service": "dns.googleapis.com",
            "timeouts": null
          },
          "sensitive_attributes": [],
          "private": "eyJlMmJmYjczMC1lY2FhLTExZTYtOGY4OC0zNDM2M2JjN2M0YzAiOnsiY3JlYXRlIjoxMjAwMDAwMDAwMDAwLCJkZWxldGUiOjEyMDAwMDAwMDAwMDAsInJlYWQiOjYwMDAwMDAwMDAwMCwidXBkYXRlIjoxMjAwMDAwMDAwMDAwfX0="
        }
      ]
    },
    {
      "mode": "managed",
      "type": "google_project_service",
      "name": "cloud_run",
      "provider": "provider[\"registry.terraform.io/hashicorp/google\"]",
      "instances": [
        {
          "schema_version": 0,
          "attributes": {
            "disable_dependent_services": null,
            "disable_on_destroy": true,
            "id": "pdf-assistant-445201/run.googleapis.com",
            "project": "pdf-assistant-445201",
            "service": "run.googleapis.com",
            "timeouts": null
          },
          "sensitive_attributes": [],
          "private": "eyJlMmJmYjczMC1lY2FhLTExZTYtOGY4OC0zNDM2M2JjN2M0YzAiOnsiY3JlYXRlIjoxMjAwMDAwMDAwMDAwLCJkZWxldGUiOjEyMDAwMDAwMDAwMDAsInJlYWQiOjYwMDAwMDAwMDAwMCwidXBkYXRlIjoxMjAwMDAwMDAwMDAwfX0="
        }
      ]
    },
    {
      "mode": "managed",
      "type": "google_project_service",
      "name": "cloud_scheduler",
      "provider": "provider[\"registry.terraform.io/hashicorp/google\"]",
      "instances": [
        {
          "schema_version": 0,
          "attributes": {
            "disable_dependent_services": null,
            "disable_on_destroy": true,
            "id": "pdf-assistant-445201/cloudscheduler.googleapis.com",
            "project": "pdf-assistant-445201",
            "service": "cloudscheduler.googleapis.com",
            "timeouts": null
          },
          "sensitive_attributes": [],
          "private": "eyJlMmJmYjczMC1lY2FhLTExZTYtOGY4OC0zNDM2M2JjN2M0YzAiOnsiY3JlYXRlIjoxMjAwMDAwMDAwMDAwLCJkZWxldGUiOjEyMDAwMDAwMDAwMDAsInJlYWQiOjYwMDAwMDAwMDAwMCwidXBkYXRlIjoxMjAwMDAwMDAwMDAwfX0="
        }
      ]
    },
    {
      "mode": "managed",
      "type": "google_project_service",
      "name": "compute_engine",
      "provider": "provider[\"registry.terraform.io/hashicorp/google\"]",
      "instances": [
        {
          "schema_version": 0,
          "attributes": {
            "disable_dependent_services": null,
            "disable_on_destroy": true,
            "id": "pdf-assistant-445201/compute.googleapis.com",
            "project": "pdf-assistant-445201",
            "service": "compute.googleapis.com",
            "timeouts": null
          },
          "sensitive_attributes": [],
          "private": "eyJlMmJmYjczMC1lY2FhLTExZTYtOGY4OC0zNDM2M2JjN2M0YzAiOnsiY3JlYXRlIjoxMjAwMDAwMDAwMDAwLCJkZWxldGUiOjEyMDAwMDAwMDAwMDAsInJlYWQiOjYwMDAwMDAwMDAwMCwidXBkYXRlIjoxMjAwMDAwMDAwMDAwfX0="
        }
      ]
    },
    {
      "mode": "managed",
      "type": "google_project_service",
      "name": "container_registry",
      "provider": "provider[\"registry.terraform.io/hashicorp/google\"]",
      "instances": [
        {
          "schema_version": 0,
          "attributes": {
            "disable_dependent_services": null,
            "disable_on_destroy": true,
            "id": "pdf-assistant-445201/containerregistry.googleapis.com",
            "project": "pdf-assistant-445201",
            "service": "containerregistry.googleapis.com",
            "timeouts": null
          },
          "sensitive_attributes": [],
          "private": "eyJlMmJmYjczMC1lY2FhLTExZTYtOGY4OC0zNDM2M2JjN2M0YzAiOnsiY3JlYXRlIjoxMjAwMDAwMDAwMDAwLCJkZWxldGUiOjEyMDAwMDAwMDAwMDAsInJlYWQiOjYwMDAwMDAwMDAwMCwidXBkYXRlIjoxMjAwMDAwMDAwMDAwfX0="
        }
      ]
    },
    {
      "mode": "managed",
      "type": "google_project_service",
      "name": "secret_manager",
      "provider": "provider[\"registry.terraform.io/hashicorp/google\"]",
      "instances": [
        {
          "schema_version": 0,
          "attributes": {
            "disable_dependent_services": null,
            "disable_on_destroy": true,
            "id": "pdf-assistant-445201/secretmanager.googleapis.com",
            "project": "pdf-assistant-445201",
            "service": "secretmanager.googleapis.com",
            "timeouts": null
          },
          "sensitive_attributes": [],
          "private": "eyJlMmJmYjczMC1lY2FhLTExZTYtOGY4OC0zNDM2M2JjN2M0YzAiOnsiY3JlYXRlIjoxMjAwMDAwMDAwMDAwLCJkZWxldGUiOjEyMDAwMDAwMDAwMDAsInJlYWQiOjYwMDAwMDAwMDAwMCwidXBkYXRlIjoxMjAwMDAwMDAwMDAwfX0="
        }
      ]
    },
    {
      "mode": "managed",
      "type": "google_project_service",
      "name": "service_control",
      "provider": "provider[\"registry.terraform.io/hashicorp/google\"]",
      "instances": [
        {
          "schema_version": 0,
          "attributes": {
            "disable_dependent_services": null,
            "disable_on_destroy": true,
            "id": "pdf-assistant-445201/servicecontrol.googleapis.com",
            "project": "pdf-assistant-445201",
            "service": "servicecontrol.googleapis.com",
            "timeouts": null
          },
          "sensitive_attributes": [],
          "private": "eyJlMmJmYjczMC1lY2FhLTExZTYtOGY4OC0zNDM2M2JjN2M0YzAiOnsiY3JlYXRlIjoxMjAwMDAwMDAwMDAwLCJkZWxldGUiOjEyMDAwMDAwMDAwMDAsInJlYWQiOjYwMDAwMDAwMDAwMCwidXBkYXRlIjoxMjAwMDAwMDAwMDAwfX0="
        }
      ]
    },
    {
      "mode": "managed",
      "type": "google_project_service",
      "name": "service_management",
      "provider": "provider[\"registry.terraform.io/hashicorp/google\"]",
      "instances": [
        {
          "schema_version": 0,
          "attributes": {
            "disable_dependent_services": null,
            "disable_on_destroy": true,
            "id": "pdf-assistant-445201/servicemanagement.googleapis.com",
            "project": "pdf-assistant-445201",
            "service": "servicemanagement.googleapis.com",
            "timeouts": null
          },
          "sensitive_attributes": [],
          "private": "eyJlMmJmYjczMC1lY2FhLTExZTYtOGY4OC0zNDM2M2JjN2M0YzAiOnsiY3JlYXRlIjoxMjAwMDAwMDAwMDAwLCJkZWxldGUiOjEyMDAwMDAwMDAwMDAsInJlYWQiOjYwMDAwMDAwMDAwMCwidXBkYXRlIjoxMjAwMDAwMDAwMDAwfX0="
        }
      ]
    },
    {
      "mode": "managed",
      "type": "google_project_service",
      "name": "sqladmin",
      "provider": "provider[\"registry.terraform.io/hashicorp/google\"]",
      "instances": [
        {
          "schema_version": 0,
          "attributes": {
            "disable_dependent_services": null,
            "disable_on_destroy": true,
            "id": "pdf-assistant-445201/sqladmin.googleapis.com",
            "project": "pdf-assistant-445201",
            "service": "sqladmin.googleapis.com",
            "timeouts": null
          },
          "sensitive_attributes": [],
          "private": "eyJlMmJmYjczMC1lY2FhLTExZTYtOGY4OC0zNDM2M2JjN2M0YzAiOnsiY3JlYXRlIjoxMjAwMDAwMDAwMDAwLCJkZWxldGUiOjEyMDAwMDAwMDAwMDAsInJlYWQiOjYwMDAwMDAwMDAwMCwidXBkYXRlIjoxMjAwMDAwMDAwMDAwfX0="
        }
      ]
    },
    {
      "mode": "managed",
      "type": "google_secret_manager_secret",
      "name": "cloud_sql_connection",
      "provider": "provider[\"registry.terraform.io/hashicorp/google\"]",
      "instances": [
        {
          "schema_version": 0,
          "attributes": {
            "annotations": {},
            "create_time": "2024-12-21T09:23:28.345585Z",
            "effective_annotations": {},
            "effective_labels": {
              "goog-terraform-provisioned": "true"
            },
            "expire_time": "",
            "id": "projects/pdf-assistant-445201/secrets/cloud-sql-connection",
            "labels": {},
            "name": "projects/794862978184/secrets/cloud-sql-connection",
            "project": "pdf-assistant-445201",
            "replication": [
              {
                "auto": [
                  {
                    "customer_managed_encryption": []
                  }
                ],
                "user_managed": []
              }
            ],
            "rotation": [],
            "secret_id": "cloud-sql-connection",
            "terraform_labels": {
              "goog-terraform-provisioned": "true"
            },
            "timeouts": null,
            "topics": [],
            "ttl": null,
            "version_aliases": {},
            "version_destroy_ttl": ""
          },
          "sensitive_attributes": [],
          "private": "eyJlMmJmYjczMC1lY2FhLTExZTYtOGY4OC0zNDM2M2JjN2M0YzAiOnsiY3JlYXRlIjoxMjAwMDAwMDAwMDAwLCJkZWxldGUiOjEyMDAwMDAwMDAwMDAsInVwZGF0ZSI6MTIwMDAwMDAwMDAwMH19"
        }
      ]
    },
    {
      "mode": "managed",
      "type": "google_secret_manager_secret_version",
      "name": "cloud_sql_connection_version",
      "provider": "provider[\"registry.terraform.io/hashicorp/google\"]",
      "instances": [
        {
          "schema_version": 0,
          "attributes": {
            "create_time": "2024-12-21T13:05:38.415596Z",
            "deletion_policy": "DELETE",
            "destroy_time": "",
            "enabled": true,
            "id": "projects/794862978184/secrets/cloud-sql-connection/versions/3",
            "is_secret_data_base64": false,
            "name": "projects/794862978184/secrets/cloud-sql-connection/versions/3",
            "secret": "projects/pdf-assistant-445201/secrets/cloud-sql-connection",
            "secret_data": "mysql+pymysql://root:root@/app?unix_socket=/cloudsql/pdf-assistant-445201:asia-northeast1:app",
            "timeouts": null,
            "version": "3"
          },
          "sensitive_attributes": [
            [
              {
                "type": "get_attr",
                "value": "secret_data"
              }
            ]
          ],
          "private": "eyJlMmJmYjczMC1lY2FhLTExZTYtOGY4OC0zNDM2M2JjN2M0YzAiOnsiY3JlYXRlIjoxMjAwMDAwMDAwMDAwLCJkZWxldGUiOjEyMDAwMDAwMDAwMDAsInVwZGF0ZSI6MTIwMDAwMDAwMDAwMH19",
          "dependencies": [
            "google_secret_manager_secret.cloud_sql_connection"
          ]
        }
      ]
    },
    {
      "mode": "managed",
      "type": "google_service_account",
      "name": "api_gateway_sa",
      "provider": "provider[\"registry.terraform.io/hashicorp/google\"]",
      "instances": [
        {
          "schema_version": 0,
          "attributes": {
            "account_id": "api-gateway-sa",
            "create_ignore_already_exists": null,
            "description": "",
            "disabled": false,
            "display_name": "Api Gateway Service Account",
            "email": "api-gateway-sa@pdf-assistant-445201.iam.gserviceaccount.com",
            "id": "projects/pdf-assistant-445201/serviceAccounts/api-gateway-sa@pdf-assistant-445201.iam.gserviceaccount.com",
            "member": "serviceAccount:api-gateway-sa@pdf-assistant-445201.iam.gserviceaccount.com",
            "name": "projects/pdf-assistant-445201/serviceAccounts/api-gateway-sa@pdf-assistant-445201.iam.gserviceaccount.com",
            "project": "pdf-assistant-445201",
            "timeouts": null,
            "unique_id": "104741749343599970802"
          },
          "sensitive_attributes": [],
          "private": "eyJlMmJmYjczMC1lY2FhLTExZTYtOGY4OC0zNDM2M2JjN2M0YzAiOnsiY3JlYXRlIjozMDAwMDAwMDAwMDB9fQ==",
          "create_before_destroy": true
        }
      ]
    },
    {
      "mode": "managed",
      "type": "google_service_account",
      "name": "cloud_run_sa",
      "provider": "provider[\"registry.terraform.io/hashicorp/google\"]",
      "instances": [
        {
          "schema_version": 0,
          "attributes": {
            "account_id": "cloud-run-sa",
            "create_ignore_already_exists": null,
            "description": "",
            "disabled": false,
            "display_name": "Cloud Run Service Account",
            "email": "cloud-run-sa@pdf-assistant-445201.iam.gserviceaccount.com",
            "id": "projects/pdf-assistant-445201/serviceAccounts/cloud-run-sa@pdf-assistant-445201.iam.gserviceaccount.com",
            "member": "serviceAccount:cloud-run-sa@pdf-assistant-445201.iam.gserviceaccount.com",
            "name": "projects/pdf-assistant-445201/serviceAccounts/cloud-run-sa@pdf-assistant-445201.iam.gserviceaccount.com",
            "project": "pdf-assistant-445201",
            "timeouts": null,
            "unique_id": "110480081786482936618"
          },
          "sensitive_attributes": [],
          "private": "eyJlMmJmYjczMC1lY2FhLTExZTYtOGY4OC0zNDM2M2JjN2M0YzAiOnsiY3JlYXRlIjozMDAwMDAwMDAwMDB9fQ=="
        }
      ]
    },
    {
      "mode": "managed",
      "type": "google_service_account",
      "name": "cloud_scheduler_sa",
      "provider": "provider[\"registry.terraform.io/hashicorp/google\"]",
      "instances": [
        {
          "schema_version": 0,
          "attributes": {
            "account_id": "cloud-scheduler-sa",
            "create_ignore_already_exists": null,
            "description": "",
            "disabled": false,
            "display_name": "Cloud Scheduler Service Account",
            "email": "cloud-scheduler-sa@pdf-assistant-445201.iam.gserviceaccount.com",
            "id": "projects/pdf-assistant-445201/serviceAccounts/cloud-scheduler-sa@pdf-assistant-445201.iam.gserviceaccount.com",
            "member": "serviceAccount:cloud-scheduler-sa@pdf-assistant-445201.iam.gserviceaccount.com",
            "name": "projects/pdf-assistant-445201/serviceAccounts/cloud-scheduler-sa@pdf-assistant-445201.iam.gserviceaccount.com",
            "project": "pdf-assistant-445201",
            "timeouts": null,
            "unique_id": "115432552956666920169"
          },
          "sensitive_attributes": [],
          "private": "eyJlMmJmYjczMC1lY2FhLTExZTYtOGY4OC0zNDM2M2JjN2M0YzAiOnsiY3JlYXRlIjozMDAwMDAwMDAwMDB9fQ=="
        }
      ]
    },
    {
      "mode": "managed",
      "type": "google_sql_database",
      "name": "app",
      "provider": "provider[\"registry.terraform.io/hashicorp/google\"]",
      "instances": [
        {
          "schema_version": 0,
          "attributes": {
            "charset": "utf8mb4",
            "collation": "utf8mb4_0900_ai_ci",
            "deletion_policy": "DELETE",
            "id": "projects/pdf-assistant-445201/instances/app/databases/app",
            "instance": "app",
            "name": "app",
            "project": "pdf-assistant-445201",
            "self_link": "https://sqladmin.googleapis.com/sql/v1beta4/projects/pdf-assistant-445201/instances/app/databases/app",
            "timeouts": null
          },
          "sensitive_attributes": [],
          "private": "eyJlMmJmYjczMC1lY2FhLTExZTYtOGY4OC0zNDM2M2JjN2M0YzAiOnsiY3JlYXRlIjoxMjAwMDAwMDAwMDAwLCJkZWxldGUiOjEyMDAwMDAwMDAwMDAsInVwZGF0ZSI6MTIwMDAwMDAwMDAwMH19",
          "dependencies": [
            "google_sql_database_instance.cloudsql_instance"
          ]
        }
      ]
    },
    {
      "mode": "managed",
      "type": "google_sql_database_instance",
      "name": "cloudsql_instance",
      "provider": "provider[\"registry.terraform.io/hashicorp/google\"]",
      "instances": [
        {
          "schema_version": 0,
          "attributes": {
            "available_maintenance_versions": [],
            "clone": [],
            "connection_name": "pdf-assistant-445201:asia-northeast1:app",
            "database_version": "MYSQL_8_0_31",
            "deletion_protection": true,
            "dns_name": "",
            "encryption_key_name": null,
            "first_ip_address": "34.85.80.106",
            "id": "app",
            "instance_type": "CLOUD_SQL_INSTANCE",
            "ip_address": [
              {
                "ip_address": "34.85.80.106",
                "time_to_retire": "",
                "type": "PRIMARY"
              }
            ],
            "maintenance_version": "MYSQL_8_0_31.R20241208.01_00",
            "master_instance_name": "",
            "name": "app",
            "private_ip_address": "",
            "project": "pdf-assistant-445201",
            "psc_service_attachment_link": "",
            "public_ip_address": "34.85.80.106",
            "region": "asia-northeast1",
            "replica_configuration": [],
            "replica_names": [],
            "restore_backup_context": [],
            "root_password": null,
            "self_link": "https://sqladmin.googleapis.com/sql/v1beta4/projects/pdf-assistant-445201/instances/app",
            "server_ca_cert": [
              {
                "cert": "-----BEGIN CERTIFICATE-----\nMIIDfzCCAmegAwIBAgIBADANBgkqhkiG9w0BAQsFADB3MS0wKwYDVQQuEyRiMzQ5\nMzg3Yy1jYzExLTQ1NzQtOTllNS00YzEzODM5YzQ3ODExIzAhBgNVBAMTGkdvb2ds\nZSBDbG91ZCBTUUwgU2VydmVyIENBMRQwEgYDVQQKEwtHb29nbGUsIEluYzELMAkG\nA1UEBhMCVVMwHhcNMjQxMjIxMDczNDAzWhcNMzQxMjE5MDczNTAzWjB3MS0wKwYD\nVQQuEyRiMzQ5Mzg3Yy1jYzExLTQ1NzQtOTllNS00YzEzODM5YzQ3ODExIzAhBgNV\nBAMTGkdvb2dsZSBDbG91ZCBTUUwgU2VydmVyIENBMRQwEgYDVQQKEwtHb29nbGUs\nIEluYzELMAkGA1UEBhMCVVMwggEiMA0GCSqGSIb3DQEBAQUAA4IBDwAwggEKAoIB\nAQCRh0OrowQcP3O3/G4sdPMes/8UJbr5Karn6cSUiAP0ngfKqZzh1lpTSAdGj9k1\n/lH2JZ0lnLnJu1JQ5rZUNXfVdyyc+Dz/p/bNHRksGf27Pifd6erM+dnvxDunkTp0\nSWzYMSkP2y7U0wKzdihC5ubM5K2cPDOgCmG8+3KQyGhPg8Husk+FDXUUCCgtt+4q\nMgzLSttQX6jA7ALxVFAMh4S5oIUVKy2EPbzyh9nqLToAFrliv9cP2fsmpuC4IPzP\nNvtZFAYXMLPpkCZ/f8UDZiQtoJZ27NpEPlLwip7GdXb+8tTNUOZcOvbTzBjJhabh\n3oEJw9Drumin5FTYU05pyUb3AgMBAAGjFjAUMBIGA1UdEwEB/wQIMAYBAf8CAQAw\nDQYJKoZIhvcNAQELBQADggEBAAObSSIX+PFnB47IhphT9mrQbXZydzvXF+pxjQGd\nLXO/YYjYOuZEwoOSL2vJ155SWbPM3HSE/H3z1bnLOl7OZizW3N5fyXRQISdac4xJ\nYIMiTDjy5QfYzxu7Drg8zpdcO1KLbiOUVQ1fT8GvDSI05+ZOAWZoQUhyJLmDm3Hi\ntPQ1XJalac+NsRsldf8GRBytWTdAoKsIyaUKdocnu43EmIsRqUxSUX5KR+kc/BVi\n4lVVEWYf+JIJ0crcCfnCug7r250MgoqKzy8gPiJSZheJIHWC1JdGvDUWQvIp4oXD\ncnKg2Zlb9rnEo04ooF/nuGDVBOFLXGnKE2kWE9lsyGP7+cM=\n-----END CERTIFICATE-----",
                "common_name": "C=US,O=Google\\, Inc,CN=Google Cloud SQL Server CA,dnQualifier=b349387c-cc11-4574-99e5-4c13839c4781",
                "create_time": "2024-12-21T07:34:03.849Z",
                "expiration_time": "2034-12-19T07:35:03.849Z",
                "sha1_fingerprint": "a8d38695f671dd4a08892229541693b0a6bbd12e"
              }
            ],
            "service_account_email_address": "p794862978184-eg4kta@gcp-sa-cloud-sql.iam.gserviceaccount.com",
            "settings": [
              {
                "activation_policy": "ALWAYS",
                "active_directory_config": [],
                "advanced_machine_features": [],
                "availability_type": "ZONAL",
                "backup_configuration": [
                  {
                    "backup_retention_settings": [
                      {
                        "retained_backups": 7,
                        "retention_unit": "COUNT"
                      }
                    ],
                    "binary_log_enabled": false,
                    "enabled": false,
                    "location": "",
                    "point_in_time_recovery_enabled": false,
                    "start_time": "01:00",
                    "transaction_log_retention_days": 7
                  }
                ],
                "collation": "",
                "connector_enforcement": "NOT_REQUIRED",
                "data_cache_config": [
                  {
                    "data_cache_enabled": false
                  }
                ],
                "database_flags": [],
                "deletion_protection_enabled": false,
                "deny_maintenance_period": [],
                "disk_autoresize": true,
                "disk_autoresize_limit": 0,
                "disk_size": 10,
                "disk_type": "PD_HDD",
                "edition": "ENTERPRISE",
                "enable_dataplex_integration": false,
                "enable_google_ml_integration": false,
                "insights_config": [],
                "ip_configuration": [
                  {
                    "allocated_ip_range": "",
                    "authorized_networks": [],
                    "enable_private_path_for_google_cloud_services": false,
                    "ipv4_enabled": true,
                    "private_network": "",
                    "psc_config": [],
                    "server_ca_mode": "GOOGLE_MANAGED_INTERNAL_CA",
                    "ssl_mode": "ENCRYPTED_ONLY"
                  }
                ],
                "location_preference": [
                  {
                    "follow_gae_application": "",
                    "secondary_zone": "",
                    "zone": "asia-northeast1-c"
                  }
                ],
                "maintenance_window": [],
                "password_validation_policy": [],
                "pricing_plan": "PER_USE",
                "sql_server_audit_config": [],
                "tier": "db-f1-micro",
                "time_zone": "",
                "user_labels": {},
                "version": 2
              }
            ],
            "timeouts": null
          },
          "sensitive_attributes": [
            [
              {
                "type": "get_attr",
                "value": "root_password"
              }
            ],
            [
              {
                "type": "get_attr",
                "value": "server_ca_cert"
              }
            ]
          ],
          "private": "eyJlMmJmYjczMC1lY2FhLTExZTYtOGY4OC0zNDM2M2JjN2M0YzAiOnsiY3JlYXRlIjo1NDAwMDAwMDAwMDAwLCJkZWxldGUiOjU0MDAwMDAwMDAwMDAsInVwZGF0ZSI6NTQwMDAwMDAwMDAwMH19"
        }
      ]
    },
    {
      "mode": "managed",
      "type": "google_sql_user",
      "name": "root",
      "provider": "provider[\"registry.terraform.io/hashicorp/google\"]",
      "instances": [
        {
          "schema_version": 1,
          "attributes": {
            "deletion_policy": null,
            "host": "%",
            "id": "root/%/app",
            "instance": "app",
            "name": "root",
            "password": "root",
            "password_policy": [],
            "project": "pdf-assistant-445201",
            "sql_server_user_details": [],
            "timeouts": null,
            "type": ""
          },
          "sensitive_attributes": [
            [
              {
                "type": "get_attr",
                "value": "password"
              }
            ]
          ],
          "private": "eyJlMmJmYjczMC1lY2FhLTExZTYtOGY4OC0zNDM2M2JjN2M0YzAiOnsiY3JlYXRlIjo2MDAwMDAwMDAwMDAsImRlbGV0ZSI6NjAwMDAwMDAwMDAwLCJ1cGRhdGUiOjYwMDAwMDAwMDAwMH0sInNjaGVtYV92ZXJzaW9uIjoiMSJ9",
          "dependencies": [
            "google_sql_database_instance.cloudsql_instance"
          ]
        }
      ]
    }
  ],
  "check_results": null
}
